
Microsoft Visual Studio Solution File, Format Version 12.00
# Visual Studio Version 17
VisualStudioVersion = 17.0.31903.59
MinimumVisualStudioVersion = 10.0.40219.1
Project("{FAE04EC0-301F-11D3-BF4B-00C04F79EFBC}") = "ConfigurationProvider.WebApi", "ConfigurationProvider.WebApi\ConfigurationProvider.WebApi.csproj", "{74749DDF-4131-4EEE-B021-023A6EB9777E}"
EndProject
Project("{FAE04EC0-301F-11D3-BF4B-00C04F79EFBC}") = "ConfigurationProvider.Tests", "ConfigurationProvider.Tests\ConfigurationProvider.Tests.csproj", "{1994D65D-5CB5-490C-A667-EF6451DD9753}"
EndProject
Project("{FAE04EC0-301F-11D3-BF4B-00C04F79EFBC}") = "ConfigurationProvider.Core", "ConfigurationProvider.Core\ConfigurationProvider.Core.csproj", "{A31B90DD-6249-493E-9B2E-8EE1D7B3C202}"
EndProject
Global
	GlobalSection(SolutionConfigurationPlatforms) = preSolution
		Debug|Any CPU = Debug|Any CPU
		Debug|x64 = Debug|x64
		Debug|x86 = Debug|x86
		Release|Any CPU = Release|Any CPU
		Release|x64 = Release|x64
		Release|x86 = Release|x86
	EndGlobalSection
	GlobalSection(ProjectConfigurationPlatforms) = postSolution
		{74749DDF-4131-4EEE-B021-023A6EB9777E}.Debug|Any CPU.ActiveCfg = Debug|Any CPU
		{74749DDF-4131-4EEE-B021-023A6EB9777E}.Debug|Any CPU.Build.0 = Debug|Any CPU
		{74749DDF-4131-4EEE-B021-023A6EB9777E}.Debug|x64.ActiveCfg = Debug|Any CPU
		{74749DDF-4131-4EEE-B021-023A6EB9777E}.Debug|x64.Build.0 = Debug|Any CPU
		{74749DDF-4131-4EEE-B021-023A6EB9777E}.Debug|x86.ActiveCfg = Debug|Any CPU
		{74749DDF-4131-4EEE-B021-023A6EB9777E}.Debug|x86.Build.0 = Debug|Any CPU
		{74749DDF-4131-4EEE-B021-023A6EB9777E}.Release|Any CPU.ActiveCfg = Release|Any CPU
		{74749DDF-4131-4EEE-B021-023A6EB9777E}.Release|Any CPU.Build.0 = Release|Any CPU
		{74749DDF-4131-4EEE-B021-023A6EB9777E}.Release|x64.ActiveCfg = Release|Any CPU
		{74749DDF-4131-4EEE-B021-023A6EB9777E}.Release|x64.Build.0 = Release|Any CPU
		{74749DDF-4131-4EEE-B021-023A6EB9777E}.Release|x86.ActiveCfg = Release|Any CPU
		{74749DDF-4131-4EEE-B021-023A6EB9777E}.Release|x86.Build.0 = Release|Any CPU
		{1994D65D-5CB5-490C-A667-EF6451DD9753}.Debug|Any CPU.ActiveCfg = Debug|Any CPU
		{1994D65D-5CB5-490C-A667-EF6451DD9753}.Debug|Any CPU.Build.0 = Debug|Any CPU
		{1994D65D-5CB5-490C-A667-EF6451DD9753}.Debug|x64.ActiveCfg = Debug|Any CPU
		{1994D65D-5CB5-490C-A667-EF6451DD9753}.Debug|x64.Build.0 = Debug|Any CPU
		{1994D65D-5CB5-490C-A667-EF6451DD9753}.Debug|x86.ActiveCfg = Debug|Any CPU
		{1994D65D-5CB5-490C-A667-EF6451DD9753}.Debug|x86.Build.0 = Debug|Any CPU
		{1994D65D-5CB5-490C-A667-EF6451DD9753}.Release|Any CPU.ActiveCfg = Release|Any CPU
		{1994D65D-5CB5-490C-A667-EF6451DD9753}.Release|Any CPU.Build.0 = Release|Any CPU
		{1994D65D-5CB5-490C-A667-EF6451DD9753}.Release|x64.ActiveCfg = Release|Any CPU
		{1994D65D-5CB5-490C-A667-EF6451DD9753}.Release|x64.Build.0 = Release|Any CPU
		{1994D65D-5CB5-490C-A667-EF6451DD9753}.Release|x86.ActiveCfg = Release|Any CPU
		{1994D65D-5CB5-490C-A667-EF6451DD9753}.Release|x86.Build.0 = Release|Any CPU
		{A31B90DD-6249-493E-9B2E-8EE1D7B3C202}.Debug|Any CPU.ActiveCfg = Debug|Any CPU
		{A31B90DD-6249-493E-9B2E-8EE1D7B3C202}.Debug|Any CPU.Build.0 = Debug|Any CPU
		{A31B90DD-6249-493E-9B2E-8EE1D7B3C202}.Debug|x64.ActiveCfg = Debug|Any CPU
		{A31B90DD-6249-493E-9B2E-8EE1D7B3C202}.Debug|x64.Build.0 = Debug|Any CPU
		{A31B90DD-6249-493E-9B2E-8EE1D7B3C202}.Debug|x86.ActiveCfg = Debug|Any CPU
		{A31B90DD-6249-493E-9B2E-8EE1D7B3C202}.Debug|x86.Build.0 = Debug|Any CPU
		{A31B90DD-6249-493E-9B2E-8EE1D7B3C202}.Release|Any CPU.ActiveCfg = Release|Any CPU
		{A31B90DD-6249-493E-9B2E-8EE1D7B3C202}.Release|Any CPU.Build.0 = Release|Any CPU
		{A31B90DD-6249-493E-9B2E-8EE1D7B3C202}.Release|x64.ActiveCfg = Release|Any CPU
		{A31B90DD-6249-493E-9B2E-8EE1D7B3C202}.Release|x64.Build.0 = Release|Any CPU
		{A31B90DD-6249-493E-9B2E-8EE1D7B3C202}.Release|x86.ActiveCfg = Release|Any CPU
		{A31B90DD-6249-493E-9B2E-8EE1D7B3C202}.Release|x86.Build.0 = Release|Any CPU
	EndGlobalSection
	GlobalSection(SolutionProperties) = preSolution
		HideSolutionNode = FALSE
	EndGlobalSection
EndGlobal
